// !$*UTF8*$!
{
	archiveVersion = 1;
	classes = {
	};
	objectVersion = 60;
	objects = {

/* Begin PBXBuildFile section */
		215E4B252FF3F32C005E4D52 /* LiteRTLM in Frameworks */ = {isa = PBXBuildFile; productRef = 215E4B242FF3F32C005E4D52 /* LiteRTLM */; };
		21FF2A5E2FF52AA4009D9F2A /* onnxruntime in Frameworks */ = {isa = PBXBuildFile; productRef = 21FF2A5D2FF52AA4009D9F2A /* onnxruntime */; };
		21FF2A602FF52AA4009D9F2A /* onnxruntime_extensions in Frameworks */ = {isa = PBXBuildFile; productRef = 21FF2A5F2FF52AA4009D9F2A /* onnxruntime_extensions */; };
		21FF2A652FF52D7C009D9F2A /* OnnxRuntimeBridge.swift in Sources */ = {isa = PBXBuildFile; fileRef = 21FF2A622FF52D7C009D9F2A /* OnnxRuntimeBridge.swift */; };
		21FF2A662FF52D7C009D9F2A /* locations.json in Resources */ = {isa = PBXBuildFile; fileRef = 21FF2A612FF52D7C009D9F2A /* locations.json */; };
		21FF2A672FF52D7C009D9F2A /* search_defaults.json in Resources */ = {isa = PBXBuildFile; fileRef = 21FF2A632FF52D7C009D9F2A /* search_defaults.json */; };
		21FF2A682FF52D7C009D9F2A /* vocab.txt in Resources */ = {isa = PBXBuildFile; fileRef = 21FF2A642FF52D7C009D9F2A /* vocab.txt */; };
		21FF2A6B2FF5F57D009D9F2A /* SecureGatewaySDK in Frameworks */ = {isa = PBXBuildFile; productRef = 21FF2A6A2FF5F57D009D9F2A /* SecureGatewaySDK */; };
		A1000011000000000000001 /* iOSApp.swift in Sources */ = {isa = PBXBuildFile; fileRef = A1000001000000000000001 /* iOSApp.swift */; };
		A1000012000000000000001 /* ContentView.swift in Sources */ = {isa = PBXBuildFile; fileRef = A1000002000000000000001 /* ContentView.swift */; };
		A1000013000000000000001 /* LiteRtBridge.swift in Sources */ = {isa = PBXBuildFile; fileRef = A1000003000000000000001 /* LiteRtBridge.swift */; };
		FA11A9E1000000000000F002 /* RelayBridge.swift in Sources */ = {isa = PBXBuildFile; fileRef = FA11A9E1000000000000F001 /* RelayBridge.swift */; };
		FA11A9E1000000000000F004 /* QRScannerBridge.swift in Sources */ = {isa = PBXBuildFile; fileRef = FA11A9E1000000000000F003 /* QRScannerBridge.swift */; };
		A1000014000000000000001 /* Assets.xcassets in Resources */ = {isa = PBXBuildFile; fileRef = A1000004000000000000001 /* Assets.xcassets */; };
/* End PBXBuildFile section */

/* Begin PBXFileReference section */
		21FF2A612FF52D7C009D9F2A /* locations.json */ = {isa = PBXFileReference; lastKnownFileType = text.json; path = locations.json; sourceTree = "<group>"; };
		21FF2A622FF52D7C009D9F2A /* OnnxRuntimeBridge.swift */ = {isa = PBXFileReference; lastKnownFileType = sourcecode.swift; path = OnnxRuntimeBridge.swift; sourceTree = "<group>"; };
		21FF2A632FF52D7C009D9F2A /* search_defaults.json */ = {isa = PBXFileReference; lastKnownFileType = text.json; path = search_defaults.json; sourceTree = "<group>"; };
		21FF2A642FF52D7C009D9F2A /* vocab.txt */ = {isa = PBXFileReference; lastKnownFileType = text; path = vocab.txt; sourceTree = "<group>"; };
		A1000001000000000000001 /* iOSApp.swift */ = {isa = PBXFileReference; lastKnownFileType = sourcecode.swift; path = iOSApp.swift; sourceTree = "<group>"; };
		A1000002000000000000001 /* ContentView.swift */ = {isa = PBXFileReference; lastKnownFileType = sourcecode.swift; path = ContentView.swift; sourceTree = "<group>"; };
		A1000003000000000000001 /* LiteRtBridge.swift */ = {isa = PBXFileReference; lastKnownFileType = sourcecode.swift; path = LiteRtBridge.swift; sourceTree = "<group>"; };
		FA11A9E1000000000000F001 /* RelayBridge.swift */ = {isa = PBXFileReference; lastKnownFileType = sourcecode.swift; path = RelayBridge.swift; sourceTree = "<group>"; };
		FA11A9E1000000000000F003 /* QRScannerBridge.swift */ = {isa = PBXFileReference; lastKnownFileType = sourcecode.swift; path = QRScannerBridge.swift; sourceTree = "<group>"; };
		A1000004000000000000001 /* Assets.xcassets */ = {isa = PBXFileReference; lastKnownFileType = folder.assetcatalog; path = Assets.xcassets; sourceTree = "<group>"; };
		A1000005000000000000001 /* Info.plist */ = {isa = PBXFileReference; lastKnownFileType = text.plist.xml; path = Info.plist; sourceTree = "<group>"; };
		A1000006000000000000001 /* iosApp.app */ = {isa = PBXFileReference; explicitFileType = wrapper.application; includeInIndex = 0; path = iosApp.app; sourceTree = BUILT_PRODUCTS_DIR; };
/* End PBXFileReference section */

/* Begin PBXFrameworksBuildPhase section */
		A1000020000000000000001 /* Frameworks */ = {
			isa = PBXFrameworksBuildPhase;
			buildActionMask = 2147483647;
			files = (
				21FF2A5E2FF52AA4009D9F2A /* onnxruntime in Frameworks */,
				215E4B252FF3F32C005E4D52 /* LiteRTLM in Frameworks */,
				21FF2A602FF52AA4009D9F2A /* onnxruntime_extensions in Frameworks */,
				21FF2A6B2FF5F57D009D9F2A /* SecureGatewaySDK in Frameworks */,
			);
			runOnlyForDeploymentPostprocessing = 0;
		};
/* End PBXFrameworksBuildPhase section */

/* Begin PBXGroup section */
		A1000030000000000000001 = {
			isa = PBXGroup;
			children = (
				A1000031000000000000001 /* iosApp */,
				A1000032000000000000001 /* Products */,
			);
			sourceTree = "<group>";
		};
		A1000031000000000000001 /* iosApp */ = {
			isa = PBXGroup;
			children = (
				21FF2A612FF52D7C009D9F2A /* locations.json */,
				21FF2A622FF52D7C009D9F2A /* OnnxRuntimeBridge.swift */,
				21FF2A632FF52D7C009D9F2A /* search_defaults.json */,
				21FF2A642FF52D7C009D9F2A /* vocab.txt */,
				A1000001000000000000001 /* iOSApp.swift */,
				A1000002000000000000001 /* ContentView.swift */,
				A1000003000000000000001 /* LiteRtBridge.swift */,
				FA11A9E1000000000000F001 /* RelayBridge.swift */,
				FA11A9E1000000000000F003 /* QRScannerBridge.swift */,
				A1000004000000000000001 /* Assets.xcassets */,
				A1000005000000000000001 /* Info.plist */,
			);
			path = iosApp;
			sourceTree = "<group>";
		};
		A1000032000000000000001 /* Products */ = {
			isa = PBXGroup;
			children = (
				A1000006000000000000001 /* iosApp.app */,
			);
			name = Products;
			sourceTree = "<group>";
		};
/* End PBXGroup section */

/* Begin PBXNativeTarget section */
		A1000040000000000000001 /* iosApp */ = {
			isa = PBXNativeTarget;
			buildConfigurationList = A1000051000000000000001 /* Build configuration list for PBXNativeTarget "iosApp" */;
			buildPhases = (
				A1000060000000000000001 /* Build Kotlin framework */,
				A1000041000000000000001 /* Sources */,
				A1000020000000000000001 /* Frameworks */,
				A1000042000000000000001 /* Resources */,
			);
			buildRules = (
			);
			dependencies = (
			);
			name = iosApp;
			productName = iosApp;
			productReference = A1000006000000000000001 /* iosApp.app */;
			productType = "com.apple.product-type.application";
		};
/* End PBXNativeTarget section */

/* Begin PBXProject section */
		A1000070000000000000001 /* Project object */ = {
			isa = PBXProject;
			attributes = {
				BuildIndependentTargetsInParallel = 1;
				LastSwiftUpdateCheck = 1500;
				LastUpgradeCheck = 1500;
				TargetAttributes = {
					A1000040000000000000001 = {
						CreatedOnToolsVersion = 15.0;
					};
				};
			};
			buildConfigurationList = A1000071000000000000001 /* Build configuration list for PBXProject "iosApp" */;
			compatibilityVersion = "Xcode 14.0";
			developmentRegion = en;
			hasScannedForEncodings = 0;
			knownRegions = (
				en,
				Base,
			);
			mainGroup = A1000030000000000000001;
			packageReferences = (
				215E4B232FF3F32C005E4D52 /* XCRemoteSwiftPackageReference "LiteRT-LM" */,
				21FF2A5C2FF52AA4009D9F2A /* XCRemoteSwiftPackageReference "onnxruntime-swift-package-manager" */,
				21FF2A692FF5F57D009D9F2A /* XCLocalSwiftPackageReference "../../../secure-gateway/sdk/ios" */,
			);
			productRefGroup = A1000032000000000000001 /* Products */;
			projectDirPath = "";
			projectRoot = "";
			targets = (
				A1000040000000000000001 /* iosApp */,
			);
		};
/* End PBXProject section */

/* Begin PBXResourcesBuildPhase section */
		A1000042000000000000001 /* Resources */ = {
			isa = PBXResourcesBuildPhase;
			buildActionMask = 2147483647;
			files = (
				A1000014000000000000001 /* Assets.xcassets in Resources */,
				21FF2A662FF52D7C009D9F2A /* locations.json in Resources */,
				21FF2A672FF52D7C009D9F2A /* search_defaults.json in Resources */,
				21FF2A682FF52D7C009D9F2A /* vocab.txt in Resources */,
			);
			runOnlyForDeploymentPostprocessing = 0;
		};
/* End PBXResourcesBuildPhase section */

/* Begin PBXShellScriptBuildPhase section */
		A1000060000000000000001 /* Build Kotlin framework */ = {
			isa = PBXShellScriptBuildPhase;
			alwaysOutOfDate = 1;
			buildActionMask = 2147483647;
			files = (
			);
			inputPaths = (
			);
			name = "Build Kotlin framework";
			outputPaths = (
			);
			runOnlyForDeploymentPostprocessing = 0;
			shellPath = /bin/sh;
			shellScript = "cd \"$SRCROOT/../\"\n./gradlew :ui:embedAndSignAppleFrameworkForXcode\n";
		};
/* End PBXShellScriptBuildPhase section */

/* Begin PBXSourcesBuildPhase section */
		A1000041000000000000001 /* Sources */ = {
			isa = PBXSourcesBuildPhase;
			buildActionMask = 2147483647;
			files = (
				A1000011000000000000001 /* iOSApp.swift in Sources */,
				A1000012000000000000001 /* ContentView.swift in Sources */,
				21FF2A652FF52D7C009D9F2A /* OnnxRuntimeBridge.swift in Sources */,
				A1000013000000000000001 /* LiteRtBridge.swift in Sources */,
				FA11A9E1000000000000F002 /* RelayBridge.swift in Sources */,
				FA11A9E1000000000000F004 /* QRScannerBridge.swift in Sources */,
			);
			runOnlyForDeploymentPostprocessing = 0;
		};
/* End PBXSourcesBuildPhase section */

/* Begin XCBuildConfiguration section */
		A1000080000000000000001 /* Debug */ = {
			isa = XCBuildConfiguration;
			buildSettings = {
				CLANG_ENABLE_MODULES = YES;
				ENABLE_TESTABILITY = YES;
				GCC_OPTIMIZATION_LEVEL = 0;
				IPHONEOS_DEPLOYMENT_TARGET = 15.1;
				ONLY_ACTIVE_ARCH = YES;
				SDKROOT = iphoneos;
				SWIFT_OPTIMIZATION_LEVEL = "-Onone";
			};
			name = Debug;
		};
		A1000081000000000000001 /* Release */ = {
			isa = XCBuildConfiguration;
			buildSettings = {
				CLANG_ENABLE_MODULES = YES;
				IPHONEOS_DEPLOYMENT_TARGET = 15.1;
				SDKROOT = iphoneos;
				SWIFT_COMPILATION_MODE = wholemodule;
				VALIDATE_PRODUCT = YES;
			};
			name = Release;
		};
		A1000082000000000000001 /* Debug */ = {
			isa = XCBuildConfiguration;
			buildSettings = {
				ASSETCATALOG_COMPILER_APPICON_NAME = AppIcon;
				CODE_SIGN_STYLE = Automatic;
				CURRENT_PROJECT_VERSION = 1;
				DEVELOPMENT_TEAM = WR48CULTB3;
				ENABLE_PREVIEWS = NO;
				FRAMEWORK_SEARCH_PATHS = (
					"$(inherited)",
					"$(SRCROOT)/../ui/build/xcode-frameworks/$(CONFIGURATION)/$(SDK_NAME)",
				);
				GENERATE_INFOPLIST_FILE = NO;
				INFOPLIST_FILE = iosApp/Info.plist;
				IPHONEOS_DEPLOYMENT_TARGET = 15.1;
				LD_RUNPATH_SEARCH_PATHS = (
					"$(inherited)",
					"@executable_path/Frameworks",
				);
				MARKETING_VERSION = 1.0.0;
				OTHER_LDFLAGS = (
					"$(inherited)",
					"-framework",
					ComposeApp,
					"-lsqlite3",
				);
				PRODUCT_BUNDLE_IDENTIFIER = com.contextsolutions.localagent.ios;
				PRODUCT_NAME = "$(TARGET_NAME)";
				SWIFT_VERSION = 5.0;
				TARGETED_DEVICE_FAMILY = "1,2";
			};
			name = Debug;
		};
		A1000083000000000000001 /* Release */ = {
			isa = XCBuildConfiguration;
			buildSettings = {
				ASSETCATALOG_COMPILER_APPICON_NAME = AppIcon;
				CODE_SIGN_STYLE = Automatic;
				CURRENT_PROJECT_VERSION = 1;
				DEVELOPMENT_TEAM = WR48CULTB3;
				ENABLE_PREVIEWS = NO;
				FRAMEWORK_SEARCH_PATHS = (
					"$(inherited)",
					"$(SRCROOT)/../ui/build/xcode-frameworks/$(CONFIGURATION)/$(SDK_NAME)",
				);
				GENERATE_INFOPLIST_FILE = NO;
				INFOPLIST_FILE = iosApp/Info.plist;
				IPHONEOS_DEPLOYMENT_TARGET = 15.1;
				LD_RUNPATH_SEARCH_PATHS = (
					"$(inherited)",
					"@executable_path/Frameworks",
				);
				MARKETING_VERSION = 1.0.0;
				OTHER_LDFLAGS = (
					"$(inherited)",
					"-framework",
					ComposeApp,
					"-lsqlite3",
				);
				PRODUCT_BUNDLE_IDENTIFIER = com.contextsolutions.localagent.ios;
				PRODUCT_NAME = "$(TARGET_NAME)";
				SWIFT_VERSION = 5.0;
				TARGETED_DEVICE_FAMILY = "1,2";
			};
			name = Release;
		};
/* End XCBuildConfiguration section */

/* Begin XCConfigurationList section */
		A1000051000000000000001 /* Build configuration list for PBXNativeTarget "iosApp" */ = {
			isa = XCConfigurationList;
			buildConfigurations = (
				A1000082000000000000001 /* Debug */,
				A1000083000000000000001 /* Release */,
			);
			defaultConfigurationIsVisible = 0;
			defaultConfigurationName = Release;
		};
		A1000071000000000000001 /* Build configuration list for PBXProject "iosApp" */ = {
			isa = XCConfigurationList;
			buildConfigurations = (
				A1000080000000000000001 /* Debug */,
				A1000081000000000000001 /* Release */,
			);
			defaultConfigurationIsVisible = 0;
			defaultConfigurationName = Release;
		};
/* End XCConfigurationList section */

/* Begin XCLocalSwiftPackageReference section */
		21FF2A692FF5F57D009D9F2A /* XCLocalSwiftPackageReference "../../../secure-gateway/sdk/ios" */ = {
			isa = XCLocalSwiftPackageReference;
			relativePath = "../../../secure-gateway/sdk/ios";
		};
/* End XCLocalSwiftPackageReference section */

/* Begin XCRemoteSwiftPackageReference section */
		215E4B232FF3F32C005E4D52 /* XCRemoteSwiftPackageReference "LiteRT-LM" */ = {
			isa = XCRemoteSwiftPackageReference;
			repositoryURL = "https://github.com/google-ai-edge/LiteRT-LM";
			requirement = {
				kind = revision;
				revision = a0afb5a56acd106b23a2b2385b8469834dc268c0;
			};
		};
		21FF2A5C2FF52AA4009D9F2A /* XCRemoteSwiftPackageReference "onnxruntime-swift-package-manager" */ = {
			isa = XCRemoteSwiftPackageReference;
			repositoryURL = "https://github.com/microsoft/onnxruntime-swift-package-manager";
			requirement = {
				kind = upToNextMajorVersion;
				minimumVersion = 1.24.2;
			};
		};
/* End XCRemoteSwiftPackageReference section */

/* Begin XCSwiftPackageProductDependency section */
		215E4B242FF3F32C005E4D52 /* LiteRTLM */ = {
			isa = XCSwiftPackageProductDependency;
			package = 215E4B232FF3F32C005E4D52 /* XCRemoteSwiftPackageReference "LiteRT-LM" */;
			productName = LiteRTLM;
		};
		21FF2A5D2FF52AA4009D9F2A /* onnxruntime */ = {
			isa = XCSwiftPackageProductDependency;
			package = 21FF2A5C2FF52AA4009D9F2A /* XCRemoteSwiftPackageReference "onnxruntime-swift-package-manager" */;
			productName = onnxruntime;
		};
		21FF2A5F2FF52AA4009D9F2A /* onnxruntime_extensions */ = {
			isa = XCSwiftPackageProductDependency;
			package = 21FF2A5C2FF52AA4009D9F2A /* XCRemoteSwiftPackageReference "onnxruntime-swift-package-manager" */;
			productName = onnxruntime_extensions;
		};
		21FF2A6A2FF5F57D009D9F2A /* SecureGatewaySDK */ = {
			isa = XCSwiftPackageProductDependency;
			productName = SecureGatewaySDK;
		};
/* End XCSwiftPackageProductDependency section */
	};
	rootObject = A1000070000000000000001 /* Project object */;
}
